
Microsoft Visual Studio Solution File, Format Version 12.00
# Visual Studio Version 16
VisualStudioVersion = 16.0.30804.86
MinimumVisualStudioVersion = 10.0.40219.1
Project("{FAE04EC0-301F-11D3-BF4B-00C04F79EFBC}") = "CountFigureSquare", "CountFigureSquare\CountFigureSquare.csproj", "{33AAD30A-C548-4705-92F6-9907646ECB11}"
EndProject
Global
	GlobalSection(SolutionConfigurationPlatforms) = preSolution
		Debug|Any CPU = Debug|Any CPU
		Release|Any CPU = Release|Any CPU
	EndGlobalSection
	GlobalSection(ProjectConfigurationPlatforms) = postSolution
		{33AAD30A-C548-4705-92F6-9907646ECB11}.Debug|Any CPU.ActiveCfg = Debug|Any CPU
		{33AAD30A-C548-4705-92F6-9907646ECB11}.Debug|Any CPU.Build.0 = Debug|Any CPU
		{33AAD30A-C548-4705-92F6-9907646ECB11}.Release|Any CPU.ActiveCfg = Release|Any CPU
		{33AAD30A-C548-4705-92F6-9907646ECB11}.Release|Any CPU.Build.0 = Release|Any CPU
	EndGlobalSection
	GlobalSection(SolutionProperties) = preSolution
		HideSolutionNode = FALSE
	EndGlobalSection
	GlobalSection(ExtensibilityGlobals) = postSolution
		SolutionGuid = {5DAA7D13-EF69-4BE4-8BBE-D3B70A411A31}
	EndGlobalSection
EndGlobal
